
Microsoft Visual Studio Solution File, Format Version 12.00
# Visual Studio Version 16
VisualStudioVersion = 16.0.30621.155
MinimumVisualStudioVersion = 10.0.40219.1
Project("{FAE04EC0-301F-11D3-BF4B-00C04F79EFBC}") = "LabCSH", "LabCSH\LabCSH.csproj", "{2D37325B-8A5C-4D08-ABFF-84BF5282A9A4}"
EndProject
Global
	GlobalSection(SolutionConfigurationPlatforms) = preSolution
		Debug|Any CPU = Debug|Any CPU
		Release|Any CPU = Release|Any CPU
	EndGlobalSection
	GlobalSection(ProjectConfigurationPlatforms) = postSolution
		{2D37325B-8A5C-4D08-ABFF-84BF5282A9A4}.Debug|Any CPU.ActiveCfg = Debug|Any CPU
		{2D37325B-8A5C-4D08-ABFF-84BF5282A9A4}.Debug|Any CPU.Build.0 = Debug|Any CPU
		{2D37325B-8A5C-4D08-ABFF-84BF5282A9A4}.Release|Any CPU.ActiveCfg = Release|Any CPU
		{2D37325B-8A5C-4D08-ABFF-84BF5282A9A4}.Release|Any CPU.Build.0 = Release|Any CPU
	EndGlobalSection
	GlobalSection(SolutionProperties) = preSolution
		HideSolutionNode = FALSE
	EndGlobalSection
	GlobalSection(ExtensibilityGlobals) = postSolution
		SolutionGuid = {DF6DD10D-09C9-472F-B6BB-903975F71BF7}
	EndGlobalSection
EndGlobal
